{
  "lockfileVersion": 1,
  "configVersion": 1,
  "workspaces": {
    "": {
      "name": "backend",
      "dependencies": {
        "@pothos/core": "^4.12.0",
        "@pothos/plugin-zod": "^4.3.0",
        "dotenv": "^17.3.1",
        "graphql": "^16.13.1",
        "graphql-yoga": "^5.18.1",
        "hono": "^4.12.5",
        "jose": "^6.2.0",
        "minio": "^8.0.7",
        "mongoose": "^9.2.4",
        "zod": "^4.3.6",
      },
      "devDependencies": {
        "@types/bun": "latest",
      },
      "peerDependencies": {
        "typescript": "^5",
      },
    },
  },
  "packages": {
    "@envelop/core": ["@envelop/core@5.5.1", "", { "dependencies": { "@envelop/instrumentation": "^1.0.0", "@envelop/types": "^5.2.1", "@whatwg-node/promise-helpers": "^1.2.4", "tslib": "^2.5.0" } }, "sha512-3DQg8sFskDo386TkL5j12jyRAdip/8yzK3x7YGbZBgobZ4aKXrvDU0GppU0SnmrpQnNaiTUsxBs9LKkwQ/eyvw=="],

    "@envelop/instrumentation": ["@envelop/instrumentation@1.0.0", "", { "dependencies": { "@whatwg-node/promise-helpers": "^1.2.1", "tslib": "^2.5.0" } }, "sha512-cxgkB66RQB95H3X27jlnxCRNTmPuSTgmBAq6/4n2Dtv4hsk4yz8FadA1ggmd0uZzvKqWD6CR+WFgTjhDqg7eyw=="],

    "@envelop/types": ["@envelop/types@5.2.1", "", { "dependencies": { "@whatwg-node/promise-helpers": "^1.0.0", "tslib": "^2.5.0" } }, "sha512-CsFmA3u3c2QoLDTfEpGr4t25fjMU31nyvse7IzWTvb0ZycuPjMjb0fjlheh+PbhBYb9YLugnT2uY6Mwcg1o+Zg=="],

    "@fastify/busboy": ["@fastify/busboy@3.2.0", "", {}, "sha512-m9FVDXU3GT2ITSe0UaMA5rU3QkfC/UXtCU8y0gSN/GugTqtVldOBWIB5V6V3sbmenVZUIpU6f+mPEO2+m5iTaA=="],

    "@graphql-tools/executor": ["@graphql-tools/executor@1.5.1", "", { "dependencies": { "@graphql-tools/utils": "^11.0.0", "@graphql-typed-document-node/core": "^3.2.0", "@repeaterjs/repeater": "^3.0.4", "@whatwg-node/disposablestack": "^0.0.6", "@whatwg-node/promise-helpers": "^1.0.0", "tslib": "^2.4.0" }, "peerDependencies": { "graphql": "^14.0.0 || ^15.0.0 || ^16.0.0 || ^17.0.0" } }, "sha512-n94Qcu875Mji9GQ52n5UbgOTxlgvFJicBPYD+FRks9HKIQpdNPjkkrKZUYNG51XKa+bf03rxNflm4+wXhoHHrA=="],

    "@graphql-tools/merge": ["@graphql-tools/merge@9.1.7", "", { "dependencies": { "@graphql-tools/utils": "^11.0.0", "tslib": "^2.4.0" }, "peerDependencies": { "graphql": "^14.0.0 || ^15.0.0 || ^16.0.0 || ^17.0.0" } }, "sha512-Y5E1vTbTabvcXbkakdFUt4zUIzB1fyaEnVmIWN0l0GMed2gdD01TpZWLUm4RNAxpturvolrb24oGLQrBbPLSoQ=="],

    "@graphql-tools/schema": ["@graphql-tools/schema@10.0.31", "", { "dependencies": { "@graphql-tools/merge": "^9.1.7", "@graphql-tools/utils": "^11.0.0", "tslib": "^2.4.0" }, "peerDependencies": { "graphql": "^14.0.0 || ^15.0.0 || ^16.0.0 || ^17.0.0" } }, "sha512-ZewRgWhXef6weZ0WiP7/MV47HXiuFbFpiDUVLQl6mgXsWSsGELKFxQsyUCBos60Qqy1JEFAIu3Ns6GGYjGkqkQ=="],

    "@graphql-tools/utils": ["@graphql-tools/utils@10.11.0", "", { "dependencies": { "@graphql-typed-document-node/core": "^3.1.1", "@whatwg-node/promise-helpers": "^1.0.0", "cross-inspect": "1.0.1", "tslib": "^2.4.0" }, "peerDependencies": { "graphql": "^14.0.0 || ^15.0.0 || ^16.0.0 || ^17.0.0" } }, "sha512-iBFR9GXIs0gCD+yc3hoNswViL1O5josI33dUqiNStFI/MHLCEPduasceAcazRH77YONKNiviHBV8f7OgcT4o2Q=="],

    "@graphql-typed-document-node/core": ["@graphql-typed-document-node/core@3.2.0", "", { "peerDependencies": { "graphql": "^0.8.0 || ^0.9.0 || ^0.10.0 || ^0.11.0 || ^0.12.0 || ^0.13.0 || ^14.0.0 || ^15.0.0 || ^16.0.0 || ^17.0.0" } }, "sha512-mB9oAsNCm9aM3/SOv4YtBMqZbYj10R7dkq8byBqxGY/ncFwhf2oQzMV+LCRlWoDSEBJ3COiR1yeDvMtsoOsuFQ=="],

    "@graphql-yoga/logger": ["@graphql-yoga/logger@2.0.1", "", { "dependencies": { "tslib": "^2.8.1" } }, "sha512-Nv0BoDGLMg9QBKy9cIswQ3/6aKaKjlTh87x3GiBg2Z4RrjyrM48DvOOK0pJh1C1At+b0mUIM67cwZcFTDLN4sA=="],

    "@graphql-yoga/subscription": ["@graphql-yoga/subscription@5.0.5", "", { "dependencies": { "@graphql-yoga/typed-event-target": "^3.0.2", "@repeaterjs/repeater": "^3.0.4", "@whatwg-node/events": "^0.1.0", "tslib": "^2.8.1" } }, "sha512-oCMWOqFs6QV96/NZRt/ZhTQvzjkGB4YohBOpKM4jH/lDT4qb7Lex/aGCxpi/JD9njw3zBBtMqxbaC22+tFHVvw=="],

    "@graphql-yoga/typed-event-target": ["@graphql-yoga/typed-event-target@3.0.2", "", { "dependencies": { "@repeaterjs/repeater": "^3.0.4", "tslib": "^2.8.1" } }, "sha512-ZpJxMqB+Qfe3rp6uszCQoag4nSw42icURnBRfFYSOmTgEeOe4rD0vYlbA8spvCu2TlCesNTlEN9BLWtQqLxabA=="],

    "@mongodb-js/saslprep": ["@mongodb-js/saslprep@1.4.6", "", { "dependencies": { "sparse-bitfield": "^3.0.3" } }, "sha512-y+x3H1xBZd38n10NZF/rEBlvDOOMQ6LKUTHqr8R9VkJ+mmQOYtJFxIlkkK8fZrtOiL6VixbOBWMbZGBdal3Z1g=="],

    "@pothos/core": ["@pothos/core@4.12.0", "", { "peerDependencies": { "graphql": "^16.10.0" } }, "sha512-PeiODrj3GjQ7Nbs/5p65DEyBWZTSGGjgGO/BgaMEqS1jBNX/2zJTEQJA9zM5uPmCHUCDjE7Qn2U7lOi0ALp/8A=="],

    "@pothos/plugin-zod": ["@pothos/plugin-zod@4.3.0", "", { "peerDependencies": { "@pothos/core": "*", "graphql": "^16.10.0", "zod": "^4.*" } }, "sha512-g6fZ1Mp654sVSbXJ4yqgcdHzCI6iZdmtWJwaXutcTwZxMSz5nfOk72kXSHzxWji6zrOs+hzkJXvsLszUFcb63A=="],

    "@repeaterjs/repeater": ["@repeaterjs/repeater@3.0.6", "", {}, "sha512-Javneu5lsuhwNCryN+pXH93VPQ8g0dBX7wItHFgYiwQmzE1sVdg5tWHiOgHywzL2W21XQopa7IwIEnNbmeUJYA=="],

    "@types/bun": ["@types/bun@1.3.10", "", { "dependencies": { "bun-types": "1.3.10" } }, "sha512-0+rlrUrOrTSskibryHbvQkDOWRJwJZqZlxrUs1u4oOoTln8+WIXBPmAuCF35SWB2z4Zl3E84Nl/D0P7803nigQ=="],

    "@types/node": ["@types/node@25.3.5", "", { "dependencies": { "undici-types": "~7.18.0" } }, "sha512-oX8xrhvpiyRCQkG1MFchB09f+cXftgIXb3a7UUa4Y3wpmZPw5tyZGTLWhlESOLq1Rq6oDlc8npVU2/9xiCuXMA=="],

    "@types/webidl-conversions": ["@types/webidl-conversions@7.0.3", "", {}, "sha512-CiJJvcRtIgzadHCYXw7dqEnMNRjhGZlYK05Mj9OyktqV8uVT8fD2BFOB7S1uwBE3Kj2Z+4UyPmFw/Ixgw/LAlA=="],

    "@types/whatwg-url": ["@types/whatwg-url@13.0.0", "", { "dependencies": { "@types/webidl-conversions": "*" } }, "sha512-N8WXpbE6Wgri7KUSvrmQcqrMllKZ9uxkYWMt+mCSGwNc0Hsw9VQTW7ApqI4XNrx6/SaM2QQJCzMPDEXE058s+Q=="],

    "@whatwg-node/disposablestack": ["@whatwg-node/disposablestack@0.0.6", "", { "dependencies": { "@whatwg-node/promise-helpers": "^1.0.0", "tslib": "^2.6.3" } }, "sha512-LOtTn+JgJvX8WfBVJtF08TGrdjuFzGJc4mkP8EdDI8ADbvO7kiexYep1o8dwnt0okb0jYclCDXF13xU7Ge4zSw=="],

    "@whatwg-node/events": ["@whatwg-node/events@0.1.2", "", { "dependencies": { "tslib": "^2.6.3" } }, "sha512-ApcWxkrs1WmEMS2CaLLFUEem/49erT3sxIVjpzU5f6zmVcnijtDSrhoK2zVobOIikZJdH63jdAXOrvjf6eOUNQ=="],

    "@whatwg-node/fetch": ["@whatwg-node/fetch@0.10.13", "", { "dependencies": { "@whatwg-node/node-fetch": "^0.8.3", "urlpattern-polyfill": "^10.0.0" } }, "sha512-b4PhJ+zYj4357zwk4TTuF2nEe0vVtOrwdsrNo5hL+u1ojXNhh1FgJ6pg1jzDlwlT4oBdzfSwaBwMCtFCsIWg8Q=="],

    "@whatwg-node/node-fetch": ["@whatwg-node/node-fetch@0.8.5", "", { "dependencies": { "@fastify/busboy": "^3.1.1", "@whatwg-node/disposablestack": "^0.0.6", "@whatwg-node/promise-helpers": "^1.3.2", "tslib": "^2.6.3" } }, "sha512-4xzCl/zphPqlp9tASLVeUhB5+WJHbuWGYpfoC2q1qh5dw0AqZBW7L27V5roxYWijPxj4sspRAAoOH3d2ztaHUQ=="],

    "@whatwg-node/promise-helpers": ["@whatwg-node/promise-helpers@1.3.2", "", { "dependencies": { "tslib": "^2.6.3" } }, "sha512-Nst5JdK47VIl9UcGwtv2Rcgyn5lWtZ0/mhRQ4G8NN2isxpq2TO30iqHzmwoJycjWuyUfg3GFXqP/gFHXeV57IA=="],

    "@whatwg-node/server": ["@whatwg-node/server@0.10.18", "", { "dependencies": { "@envelop/instrumentation": "^1.0.0", "@whatwg-node/disposablestack": "^0.0.6", "@whatwg-node/fetch": "^0.10.13", "@whatwg-node/promise-helpers": "^1.3.2", "tslib": "^2.6.3" } }, "sha512-kMwLlxUbduttIgaPdSkmEarFpP+mSY8FEm+QWMBRJwxOHWkri+cxd8KZHO9EMrB9vgUuz+5WEaCawaL5wGVoXg=="],

    "async": ["async@3.2.6", "", {}, "sha512-htCUDlxyyCLMgaM3xXg0C0LW2xqfuQ6p05pCEIsXuyQ+a1koYKTuBMzRNwmybfLgvJDMd0r1LTn4+E0Ti6C2AA=="],

    "block-stream2": ["block-stream2@2.1.0", "", { "dependencies": { "readable-stream": "^3.4.0" } }, "sha512-suhjmLI57Ewpmq00qaygS8UgEq2ly2PCItenIyhMqVjo4t4pGzqMvfgJuX8iWTeSDdfSSqS6j38fL4ToNL7Pfg=="],

    "browser-or-node": ["browser-or-node@2.1.1", "", {}, "sha512-8CVjaLJGuSKMVTxJ2DpBl5XnlNDiT4cQFeuCJJrvJmts9YrTZDizTX7PjC2s6W4x+MBGZeEY6dGMrF04/6Hgqg=="],

    "bson": ["bson@7.2.0", "", {}, "sha512-YCEo7KjMlbNlyHhz7zAZNDpIpQbd+wOEHJYezv0nMYTn4x31eIUM2yomNNubclAt63dObUzKHWsBLJ9QcZNSnQ=="],

    "buffer-crc32": ["buffer-crc32@1.0.0", "", {}, "sha512-Db1SbgBS/fg/392AblrMJk97KggmvYhr4pB5ZIMTWtaivCPMWLkmb7m21cJvpvgK+J3nsU2CmmixNBZx4vFj/w=="],

    "bun-types": ["bun-types@1.3.10", "", { "dependencies": { "@types/node": "*" } }, "sha512-tcpfCCl6XWo6nCVnpcVrxQ+9AYN1iqMIzgrSKYMB/fjLtV2eyAVEg7AxQJuCq/26R6HpKWykQXuSOq/21RYcbg=="],

    "cross-inspect": ["cross-inspect@1.0.1", "", { "dependencies": { "tslib": "^2.4.0" } }, "sha512-Pcw1JTvZLSJH83iiGWt6fRcT+BjZlCDRVwYLbUcHzv/CRpB7r0MlSrGbIyQvVSNyGnbt7G4AXuyCiDR3POvZ1A=="],

    "decode-uri-component": ["decode-uri-component@0.2.2", "", {}, "sha512-FqUYQ+8o158GyGTrMFJms9qh3CqTKvAqgqsTnkLI8sKu0028orqBhxNMFkFen0zGyg6epACD32pjVk58ngIErQ=="],

    "dotenv": ["dotenv@17.3.1", "", {}, "sha512-IO8C/dzEb6O3F9/twg6ZLXz164a2fhTnEWb95H23Dm4OuN+92NmEAlTrupP9VW6Jm3sO26tQlqyvyi4CsnY9GA=="],

    "eventemitter3": ["eventemitter3@5.0.4", "", {}, "sha512-mlsTRyGaPBjPedk6Bvw+aqbsXDtoAyAzm5MO7JgU+yVRyMQ5O8bD4Kcci7BS85f93veegeCPkL8R4GLClnjLFw=="],

    "fast-xml-builder": ["fast-xml-builder@1.0.0", "", {}, "sha512-fpZuDogrAgnyt9oDDz+5DBz0zgPdPZz6D4IR7iESxRXElrlGTRkHJ9eEt+SACRJwT0FNFrt71DFQIUFBJfX/uQ=="],

    "fast-xml-parser": ["fast-xml-parser@5.4.2", "", { "dependencies": { "fast-xml-builder": "^1.0.0", "strnum": "^2.1.2" }, "bin": { "fxparser": "src/cli/cli.js" } }, "sha512-pw/6pIl4k0CSpElPEJhDppLzaixDEuWui2CUQQBH/ECDf7+y6YwA4Gf7Tyb0Rfe4DIMuZipYj4AEL0nACKglvQ=="],

    "filter-obj": ["filter-obj@1.1.0", "", {}, "sha512-8rXg1ZnX7xzy2NGDVkBVaAy+lSlPNwad13BtgSlLuxfIslyt5Vg64U7tFcCt4WS1R0hvtnQybT/IyCkGZ3DpXQ=="],

    "graphql": ["graphql@16.13.1", "", {}, "sha512-gGgrVCoDKlIZ8fIqXBBb0pPKqDgki0Z/FSKNiQzSGj2uEYHr1tq5wmBegGwJx6QB5S5cM0khSBpi/JFHMCvsmQ=="],

    "graphql-yoga": ["graphql-yoga@5.18.1", "", { "dependencies": { "@envelop/core": "^5.5.1", "@envelop/instrumentation": "^1.0.0", "@graphql-tools/executor": "^1.5.0", "@graphql-tools/schema": "^10.0.11", "@graphql-tools/utils": "^10.11.0", "@graphql-yoga/logger": "^2.0.1", "@graphql-yoga/subscription": "^5.0.5", "@whatwg-node/fetch": "^0.10.6", "@whatwg-node/promise-helpers": "^1.3.2", "@whatwg-node/server": "^0.10.14", "lru-cache": "^10.0.0", "tslib": "^2.8.1" }, "peerDependencies": { "graphql": "^15.2.0 || ^16.0.0" } }, "sha512-GiDSlvibfY/vyurbkBOKMO+adF6bTCzKr80FYWta59s1Lx87oVo8T6Nu/0hrxrGv0SrAUkqUpcpr4Ee7XlYmBw=="],

    "hono": ["hono@4.12.5", "", {}, "sha512-3qq+FUBtlTHhtYxbxheZgY8NIFnkkC/MR8u5TTsr7YZ3wixryQ3cCwn3iZbg8p8B88iDBBAYSfZDS75t8MN7Vg=="],

    "inherits": ["inherits@2.0.4", "", {}, "sha512-k/vGaX4/Yla3WzyMCvTQOXYeIHvqOKtnqBduzTHpzpQZzAskKMhZ2K+EnBiSM9zGSoIFeMpXKxa4dYeZIQqewQ=="],

    "ipaddr.js": ["ipaddr.js@2.3.0", "", {}, "sha512-Zv/pA+ciVFbCSBBjGfaKUya/CcGmUHzTydLMaTwrUUEM2DIEO3iZvueGxmacvmN50fGpGVKeTXpb2LcYQxeVdg=="],

    "jose": ["jose@6.2.0", "", {}, "sha512-xsfE1TcSCbUdo6U07tR0mvhg0flGxU8tPLbF03mirl2ukGQENhUg4ubGYQnhVH0b5stLlPM+WOqDkEl1R1y5sQ=="],

    "kareem": ["kareem@3.2.0", "", {}, "sha512-VS8MWZz/cT+SqBCpVfNN4zoVz5VskR3N4+sTmUXme55e9avQHntpwpNq0yjnosISXqwJ3AQVjlbI4Dyzv//JtA=="],

    "lodash": ["lodash@4.17.23", "", {}, "sha512-LgVTMpQtIopCi79SJeDiP0TfWi5CNEc/L/aRdTh3yIvmZXTnheWpKjSZhnvMl8iXbC1tFg9gdHHDMLoV7CnG+w=="],

    "lru-cache": ["lru-cache@10.4.3", "", {}, "sha512-JNAzZcXrCt42VGLuYz0zfAzDfAvJWW6AfYlDBQyDV5DClI2m5sAmK+OIO7s59XfsRsWHp02jAJrRadPRGTt6SQ=="],

    "memory-pager": ["memory-pager@1.5.0", "", {}, "sha512-ZS4Bp4r/Zoeq6+NLJpP+0Zzm0pR8whtGPf1XExKLJBAczGMnSi3It14OiNCStjQjM6NU1okjQGSxgEZN8eBYKg=="],

    "mime-db": ["mime-db@1.52.0", "", {}, "sha512-sPU4uV7dYlvtWJxwwxHD0PuihVNiE7TyAbQ5SWxDCB9mUYvOgroQOwYQQOKPJ8CIbE+1ETVlOoK1UC2nU3gYvg=="],

    "mime-types": ["mime-types@2.1.35", "", { "dependencies": { "mime-db": "1.52.0" } }, "sha512-ZDY+bPm5zTTF+YpCrAU9nK0UgICYPT0QtT1NZWFv4s++TNkcgVaT0g6+4R2uI4MjQjzysHB1zxuWL50hzaeXiw=="],

    "minio": ["minio@8.0.7", "", { "dependencies": { "async": "^3.2.4", "block-stream2": "^2.1.0", "browser-or-node": "^2.1.1", "buffer-crc32": "^1.0.0", "eventemitter3": "^5.0.1", "fast-xml-parser": "^5.3.4", "ipaddr.js": "^2.0.1", "lodash": "^4.17.21", "mime-types": "^2.1.35", "query-string": "^7.1.3", "stream-json": "^1.8.0", "through2": "^4.0.2", "xml2js": "^0.5.0 || ^0.6.2" } }, "sha512-E737MgufW8CeQAsTAtnEMrxZ9scMSf29kkhZoXzDTKj/Jszzo2SfeZUH9wbDQH2Rsq6TCtl/yQL0+XdVKZansQ=="],

    "mongodb": ["mongodb@7.0.0", "", { "dependencies": { "@mongodb-js/saslprep": "^1.3.0", "bson": "^7.0.0", "mongodb-connection-string-url": "^7.0.0" }, "peerDependencies": { "@aws-sdk/credential-providers": "^3.806.0", "@mongodb-js/zstd": "^7.0.0", "gcp-metadata": "^7.0.1", "kerberos": "^7.0.0", "mongodb-client-encryption": ">=7.0.0 <7.1.0", "snappy": "^7.3.2", "socks": "^2.8.6" }, "optionalPeers": ["@aws-sdk/credential-providers", "@mongodb-js/zstd", "gcp-metadata", "kerberos", "mongodb-client-encryption", "snappy", "socks"] }, "sha512-vG/A5cQrvGGvZm2mTnCSz1LUcbOPl83hfB6bxULKQ8oFZauyox/2xbZOoGNl+64m8VBrETkdGCDBdOsCr3F3jg=="],

    "mongodb-connection-string-url": ["mongodb-connection-string-url@7.0.1", "", { "dependencies": { "@types/whatwg-url": "^13.0.0", "whatwg-url": "^14.1.0" } }, "sha512-h0AZ9A7IDVwwHyMxmdMXKy+9oNlF0zFoahHiX3vQ8e3KFcSP3VmsmfvtRSuLPxmyv2vjIDxqty8smTgie/SNRQ=="],

    "mongoose": ["mongoose@9.2.4", "", { "dependencies": { "kareem": "3.2.0", "mongodb": "~7.0", "mpath": "0.9.0", "mquery": "6.0.0", "ms": "2.1.3", "sift": "17.1.3" } }, "sha512-XNh+jiztVMddDFDCv8TWxVxi/rGx+0FfsK3Ftj6hcYzEmhTcos2uC144OJRmUFPHSu3hJr6Pgip++Ab2+Da35Q=="],

    "mpath": ["mpath@0.9.0", "", {}, "sha512-ikJRQTk8hw5DEoFVxHG1Gn9T/xcjtdnOKIU1JTmGjZZlg9LST2mBLmcX3/ICIbgJydT2GOc15RnNy5mHmzfSew=="],

    "mquery": ["mquery@6.0.0", "", {}, "sha512-b2KQNsmgtkscfeDgkYMcWGn9vZI9YoXh802VDEwE6qc50zxBFQ0Oo8ROkawbPAsXCY1/Z1yp0MagqsZStPWJjw=="],

    "ms": ["ms@2.1.3", "", {}, "sha512-6FlzubTLZG3J2a/NVCAleEhjzq5oxgHyaCU9yYXvcLsvoVaHJq/s5xXI6/XXP6tz7R9xAOtHnSO/tXtF3WRTlA=="],

    "punycode": ["punycode@2.3.1", "", {}, "sha512-vYt7UD1U9Wg6138shLtLOvdAu+8DsC/ilFtEVHcH+wydcSpNE20AfSOduf6MkRFahL5FY7X1oU7nKVZFtfq8Fg=="],

    "query-string": ["query-string@7.1.3", "", { "dependencies": { "decode-uri-component": "^0.2.2", "filter-obj": "^1.1.0", "split-on-first": "^1.0.0", "strict-uri-encode": "^2.0.0" } }, "sha512-hh2WYhq4fi8+b+/2Kg9CEge4fDPvHS534aOOvOZeQ3+Vf2mCFsaFBYj0i+iXcAq6I9Vzp5fjMFBlONvayDC1qg=="],

    "readable-stream": ["readable-stream@3.6.2", "", { "dependencies": { "inherits": "^2.0.3", "string_decoder": "^1.1.1", "util-deprecate": "^1.0.1" } }, "sha512-9u/sniCrY3D5WdsERHzHE4G2YCXqoG5FTHUiCC4SIbr6XcLZBY05ya9EKjYek9O5xOAwjGq+1JdGBAS7Q9ScoA=="],

    "safe-buffer": ["safe-buffer@5.2.1", "", {}, "sha512-rp3So07KcdmmKbGvgaNxQSJr7bGVSVk5S9Eq1F+ppbRo70+YeaDxkw5Dd8NPN+GD6bjnYm2VuPuCXmpuYvmCXQ=="],

    "sax": ["sax@1.5.0", "", {}, "sha512-21IYA3Q5cQf089Z6tgaUTr7lDAyzoTPx5HRtbhsME8Udispad8dC/+sziTNugOEx54ilvatQ9YCzl4KQLPcRHA=="],

    "sift": ["sift@17.1.3", "", {}, "sha512-Rtlj66/b0ICeFzYTuNvX/EF1igRbbnGSvEyT79McoZa/DeGhMyC5pWKOEsZKnpkqtSeovd5FL/bjHWC3CIIvCQ=="],

    "sparse-bitfield": ["sparse-bitfield@3.0.3", "", { "dependencies": { "memory-pager": "^1.0.2" } }, "sha512-kvzhi7vqKTfkh0PZU+2D2PIllw2ymqJKujUcyPMd9Y75Nv4nPbGJZXNhxsgdQab2BmlDct1YnfQCguEvHr7VsQ=="],

    "split-on-first": ["split-on-first@1.1.0", "", {}, "sha512-43ZssAJaMusuKWL8sKUBQXHWOpq8d6CfN/u1p4gUzfJkM05C8rxTmYrkIPTXapZpORA6LkkzcUulJ8FqA7Uudw=="],

    "stream-chain": ["stream-chain@2.2.5", "", {}, "sha512-1TJmBx6aSWqZ4tx7aTpBDXK0/e2hhcNSTV8+CbFJtDjbb+I1mZ8lHit0Grw9GRT+6JbIrrDd8esncgBi8aBXGA=="],

    "stream-json": ["stream-json@1.9.1", "", { "dependencies": { "stream-chain": "^2.2.5" } }, "sha512-uWkjJ+2Nt/LO9Z/JyKZbMusL8Dkh97uUBTv3AJQ74y07lVahLY4eEFsPsE97pxYBwr8nnjMAIch5eqI0gPShyw=="],

    "strict-uri-encode": ["strict-uri-encode@2.0.0", "", {}, "sha512-QwiXZgpRcKkhTj2Scnn++4PKtWsH0kpzZ62L2R6c/LUVYv7hVnZqcg2+sMuT6R7Jusu1vviK/MFsu6kNJfWlEQ=="],

    "string_decoder": ["string_decoder@1.3.0", "", { "dependencies": { "safe-buffer": "~5.2.0" } }, "sha512-hkRX8U1WjJFd8LsDJ2yQ/wWWxaopEsABU1XfkM8A+j0+85JAGppt16cr1Whg6KIbb4okU6Mql6BOj+uup/wKeA=="],

    "strnum": ["strnum@2.2.0", "", {}, "sha512-Y7Bj8XyJxnPAORMZj/xltsfo55uOiyHcU2tnAVzHUnSJR/KsEX+9RoDeXEnsXtl/CX4fAcrt64gZ13aGaWPeBg=="],

    "through2": ["through2@4.0.2", "", { "dependencies": { "readable-stream": "3" } }, "sha512-iOqSav00cVxEEICeD7TjLB1sueEL+81Wpzp2bY17uZjZN0pWZPuo4suZ/61VujxmqSGFfgOcNuTZ85QJwNZQpw=="],

    "tr46": ["tr46@5.1.1", "", { "dependencies": { "punycode": "^2.3.1" } }, "sha512-hdF5ZgjTqgAntKkklYw0R03MG2x/bSzTtkxmIRw/sTNV8YXsCJ1tfLAX23lhxhHJlEf3CRCOCGGWw3vI3GaSPw=="],

    "tslib": ["tslib@2.8.1", "", {}, "sha512-oJFu94HQb+KVduSUQL7wnpmqnfmLsOA/nAh6b6EH0wCEoK0/mPeXU6c3wKDV83MkOuHPRHtSXKKU99IBazS/2w=="],

    "typescript": ["typescript@5.9.3", "", { "bin": { "tsc": "bin/tsc", "tsserver": "bin/tsserver" } }, "sha512-jl1vZzPDinLr9eUt3J/t7V6FgNEw9QjvBPdysz9KfQDD41fQrC2Y4vKQdiaUpFT4bXlb1RHhLpp8wtm6M5TgSw=="],

    "undici-types": ["undici-types@7.18.2", "", {}, "sha512-AsuCzffGHJybSaRrmr5eHr81mwJU3kjw6M+uprWvCXiNeN9SOGwQ3Jn8jb8m3Z6izVgknn1R0FTCEAP2QrLY/w=="],

    "urlpattern-polyfill": ["urlpattern-polyfill@10.1.0", "", {}, "sha512-IGjKp/o0NL3Bso1PymYURCJxMPNAf/ILOpendP9f5B6e1rTJgdgiOvgfoT8VxCAdY+Wisb9uhGaJJf3yZ2V9nw=="],

    "util-deprecate": ["util-deprecate@1.0.2", "", {}, "sha512-EPD5q1uXyFxJpCrLnCc1nHnq3gOa6DZBocAIiI2TaSCA7VCJ1UJDMagCzIkXNsUYfD1daK//LTEQ8xiIbrHtcw=="],

    "webidl-conversions": ["webidl-conversions@7.0.0", "", {}, "sha512-VwddBukDzu71offAQR975unBIGqfKZpM+8ZX6ySk8nYhVoo5CYaZyzt3YBvYtRtO+aoGlqxPg/B87NGVZ/fu6g=="],

    "whatwg-url": ["whatwg-url@14.2.0", "", { "dependencies": { "tr46": "^5.1.0", "webidl-conversions": "^7.0.0" } }, "sha512-De72GdQZzNTUBBChsXueQUnPKDkg/5A5zp7pFDuQAj5UFoENpiACU0wlCvzpAGnTkj++ihpKwKyYewn/XNUbKw=="],

    "xml2js": ["xml2js@0.6.2", "", { "dependencies": { "sax": ">=0.6.0", "xmlbuilder": "~11.0.0" } }, "sha512-T4rieHaC1EXcES0Kxxj4JWgaUQHDk+qwHcYOCFHfiwKz7tOVPLq7Hjq9dM1WCMhylqMEfP7hMcOIChvotiZegA=="],

    "xmlbuilder": ["xmlbuilder@11.0.1", "", {}, "sha512-fDlsI/kFEx7gLvbecc0/ohLG50fugQp8ryHzMTuW9vSa1GJ0XYWKnhsUx7oie3G98+r56aTQIUB4kht42R3JvA=="],

    "zod": ["zod@4.3.6", "", {}, "sha512-rftlrkhHZOcjDwkGlnUtZZkvaPHCsDATp4pGpuOOMDaTdDDXF91wuVDJoWoPsKX/3YPQ5fHuF3STjcYyKr+Qhg=="],

    "@graphql-tools/executor/@graphql-tools/utils": ["@graphql-tools/utils@11.0.0", "", { "dependencies": { "@graphql-typed-document-node/core": "^3.1.1", "@whatwg-node/promise-helpers": "^1.0.0", "cross-inspect": "1.0.1", "tslib": "^2.4.0" }, "peerDependencies": { "graphql": "^14.0.0 || ^15.0.0 || ^16.0.0 || ^17.0.0" } }, "sha512-bM1HeZdXA2C3LSIeLOnH/bcqSgbQgKEDrjxODjqi3y58xai2TkNrtYcQSoWzGbt9VMN1dORGjR7Vem8SPnUFQA=="],

    "@graphql-tools/merge/@graphql-tools/utils": ["@graphql-tools/utils@11.0.0", "", { "dependencies": { "@graphql-typed-document-node/core": "^3.1.1", "@whatwg-node/promise-helpers": "^1.0.0", "cross-inspect": "1.0.1", "tslib": "^2.4.0" }, "peerDependencies": { "graphql": "^14.0.0 || ^15.0.0 || ^16.0.0 || ^17.0.0" } }, "sha512-bM1HeZdXA2C3LSIeLOnH/bcqSgbQgKEDrjxODjqi3y58xai2TkNrtYcQSoWzGbt9VMN1dORGjR7Vem8SPnUFQA=="],

    "@graphql-tools/schema/@graphql-tools/utils": ["@graphql-tools/utils@11.0.0", "", { "dependencies": { "@graphql-typed-document-node/core": "^3.1.1", "@whatwg-node/promise-helpers": "^1.0.0", "cross-inspect": "1.0.1", "tslib": "^2.4.0" }, "peerDependencies": { "graphql": "^14.0.0 || ^15.0.0 || ^16.0.0 || ^17.0.0" } }, "sha512-bM1HeZdXA2C3LSIeLOnH/bcqSgbQgKEDrjxODjqi3y58xai2TkNrtYcQSoWzGbt9VMN1dORGjR7Vem8SPnUFQA=="],
  }
}
